
Microsoft Visual Studio Solution File, Format Version 12.00
# Visual Studio Version 16
VisualStudioVersion = 25.0.1706.5
MinimumVisualStudioVersion = 10.0.40219.1
Project("{FAE04EC0-301F-11D3-BF4B-00C04F79EFBC}") = "StringsAndArrays", "StringsAndArrays.csproj", "{B6AFE692-D7AE-48E4-8D8E-BF46929B642A}"
EndProject
Global
	GlobalSection(SolutionConfigurationPlatforms) = preSolution
		Debug|Any CPU = Debug|Any CPU
		Release|Any CPU = Release|Any CPU
	EndGlobalSection
	GlobalSection(ProjectConfigurationPlatforms) = postSolution
		{B6AFE692-D7AE-48E4-8D8E-BF46929B642A}.Debug|Any CPU.ActiveCfg = Debug|Any CPU
		{B6AFE692-D7AE-48E4-8D8E-BF46929B642A}.Debug|Any CPU.Build.0 = Debug|Any CPU
		{B6AFE692-D7AE-48E4-8D8E-BF46929B642A}.Release|Any CPU.ActiveCfg = Release|Any CPU
		{B6AFE692-D7AE-48E4-8D8E-BF46929B642A}.Release|Any CPU.Build.0 = Release|Any CPU
	EndGlobalSection
	GlobalSection(SolutionProperties) = preSolution
		HideSolutionNode = FALSE
	EndGlobalSection
	GlobalSection(ExtensibilityGlobals) = postSolution
		SolutionGuid = {D33DC31D-03E6-4199-8B1A-C32E40032CDE}
	EndGlobalSection
EndGlobal
